
Microsoft Visual Studio Solution File, Format Version 12.00
# Visual Studio 14
VisualStudioVersion = 14.0.24720.0
MinimumVisualStudioVersion = 10.0.40219.1
Project("{8BC9CEB8-8B4A-11D0-8D11-00A0C91BC942}") = "Main", "Main\Main.vcxproj", "{BFD0F79A-BC91-4D49-A37B-5DF1D885677A}"
	ProjectSection(ProjectDependencies) = postProject
		{F43CF415-9B7A-4C7E-B818-71D423A8134B} = {F43CF415-9B7A-4C7E-B818-71D423A8134B}
		{688EF433-DF94-4F41-8363-9ED79F7CEF87} = {688EF433-DF94-4F41-8363-9ED79F7CEF87}
		{4EC8B33B-F05A-4B84-B966-C05015891B1C} = {4EC8B33B-F05A-4B84-B966-C05015891B1C}
		{0C0A5E63-7DD4-4B22-BD9F-AE7DA034F62D} = {0C0A5E63-7DD4-4B22-BD9F-AE7DA034F62D}
		{C48F19A0-BCC2-46ED-AD6E-D53889304975} = {C48F19A0-BCC2-46ED-AD6E-D53889304975}
		{24CD3CD2-C695-459B-91A3-26AA56D87C22} = {24CD3CD2-C695-459B-91A3-26AA56D87C22}
	EndProjectSection
EndProject
Project("{8BC9CEB8-8B4A-11D0-8D11-00A0C91BC942}") = "loger", "loger\loger.vcxproj", "{C48F19A0-BCC2-46ED-AD6E-D53889304975}"
EndProject
Project("{8BC9CEB8-8B4A-11D0-8D11-00A0C91BC942}") = "vCONTROL", "vCONTROL\vCONTROL.vcxproj", "{F43CF415-9B7A-4C7E-B818-71D423A8134B}"
	ProjectSection(ProjectDependencies) = postProject
		{688EF433-DF94-4F41-8363-9ED79F7CEF87} = {688EF433-DF94-4F41-8363-9ED79F7CEF87}
		{4EC8B33B-F05A-4B84-B966-C05015891B1C} = {4EC8B33B-F05A-4B84-B966-C05015891B1C}
		{C48F19A0-BCC2-46ED-AD6E-D53889304975} = {C48F19A0-BCC2-46ED-AD6E-D53889304975}
		{24CD3CD2-C695-459B-91A3-26AA56D87C22} = {24CD3CD2-C695-459B-91A3-26AA56D87C22}
	EndProjectSection
EndProject
Project("{8BC9CEB8-8B4A-11D0-8D11-00A0C91BC942}") = "vRESOURCE", "vRECURCE\vRECURCE.vcxproj", "{688EF433-DF94-4F41-8363-9ED79F7CEF87}"
	ProjectSection(ProjectDependencies) = postProject
		{C48F19A0-BCC2-46ED-AD6E-D53889304975} = {C48F19A0-BCC2-46ED-AD6E-D53889304975}
		{24CD3CD2-C695-459B-91A3-26AA56D87C22} = {24CD3CD2-C695-459B-91A3-26AA56D87C22}
	EndProjectSection
EndProject
Project("{8BC9CEB8-8B4A-11D0-8D11-00A0C91BC942}") = "Opengl_buffer", "Opengl_buffer\Opengl_buffer.vcxproj", "{24CD3CD2-C695-459B-91A3-26AA56D87C22}"
	ProjectSection(ProjectDependencies) = postProject
		{C48F19A0-BCC2-46ED-AD6E-D53889304975} = {C48F19A0-BCC2-46ED-AD6E-D53889304975}
	EndProjectSection
EndProject
Project("{8BC9CEB8-8B4A-11D0-8D11-00A0C91BC942}") = "gCONTROL", "gCONTROL\gCONTROL.vcxproj", "{4EC8B33B-F05A-4B84-B966-C05015891B1C}"
	ProjectSection(ProjectDependencies) = postProject
		{76F21B16-6221-4E3F-A45E-BAB1777BFE8F} = {76F21B16-6221-4E3F-A45E-BAB1777BFE8F}
		{0C0A5E63-7DD4-4B22-BD9F-AE7DA034F62D} = {0C0A5E63-7DD4-4B22-BD9F-AE7DA034F62D}
		{C48F19A0-BCC2-46ED-AD6E-D53889304975} = {C48F19A0-BCC2-46ED-AD6E-D53889304975}
	EndProjectSection
EndProject
Project("{8BC9CEB8-8B4A-11D0-8D11-00A0C91BC942}") = "gNET", "gNET\gNET.vcxproj", "{0C0A5E63-7DD4-4B22-BD9F-AE7DA034F62D}"
	ProjectSection(ProjectDependencies) = postProject
		{C48F19A0-BCC2-46ED-AD6E-D53889304975} = {C48F19A0-BCC2-46ED-AD6E-D53889304975}
	EndProjectSection
EndProject
Project("{8BC9CEB8-8B4A-11D0-8D11-00A0C91BC942}") = "CONVEER", "CONVEER\CONVEER.vcxproj", "{76F21B16-6221-4E3F-A45E-BAB1777BFE8F}"
EndProject
Global
	GlobalSection(SolutionConfigurationPlatforms) = preSolution
		Debug|x64 = Debug|x64
		Debug|x86 = Debug|x86
		Release|x64 = Release|x64
		Release|x86 = Release|x86
	EndGlobalSection
	GlobalSection(ProjectConfigurationPlatforms) = postSolution
		{BFD0F79A-BC91-4D49-A37B-5DF1D885677A}.Debug|x64.ActiveCfg = Debug|x64
		{BFD0F79A-BC91-4D49-A37B-5DF1D885677A}.Debug|x64.Build.0 = Debug|x64
		{BFD0F79A-BC91-4D49-A37B-5DF1D885677A}.Debug|x86.ActiveCfg = Debug|Win32
		{BFD0F79A-BC91-4D49-A37B-5DF1D885677A}.Debug|x86.Build.0 = Debug|Win32
		{BFD0F79A-BC91-4D49-A37B-5DF1D885677A}.Debug|x86.Deploy.0 = Debug|Win32
		{BFD0F79A-BC91-4D49-A37B-5DF1D885677A}.Release|x64.ActiveCfg = Release|x64
		{BFD0F79A-BC91-4D49-A37B-5DF1D885677A}.Release|x64.Build.0 = Release|x64
		{BFD0F79A-BC91-4D49-A37B-5DF1D885677A}.Release|x86.ActiveCfg = Release|Win32
		{BFD0F79A-BC91-4D49-A37B-5DF1D885677A}.Release|x86.Build.0 = Release|Win32
		{C48F19A0-BCC2-46ED-AD6E-D53889304975}.Debug|x64.ActiveCfg = Debug|x64
		{C48F19A0-BCC2-46ED-AD6E-D53889304975}.Debug|x64.Build.0 = Debug|x64
		{C48F19A0-BCC2-46ED-AD6E-D53889304975}.Debug|x86.ActiveCfg = Debug|Win32
		{C48F19A0-BCC2-46ED-AD6E-D53889304975}.Debug|x86.Build.0 = Debug|Win32
		{C48F19A0-BCC2-46ED-AD6E-D53889304975}.Release|x64.ActiveCfg = Release|x64
		{C48F19A0-BCC2-46ED-AD6E-D53889304975}.Release|x64.Build.0 = Release|x64
		{C48F19A0-BCC2-46ED-AD6E-D53889304975}.Release|x86.ActiveCfg = Release|Win32
		{C48F19A0-BCC2-46ED-AD6E-D53889304975}.Release|x86.Build.0 = Release|Win32
		{F43CF415-9B7A-4C7E-B818-71D423A8134B}.Debug|x64.ActiveCfg = Debug|x64
		{F43CF415-9B7A-4C7E-B818-71D423A8134B}.Debug|x64.Build.0 = Debug|x64
		{F43CF415-9B7A-4C7E-B818-71D423A8134B}.Debug|x86.ActiveCfg = Debug|Win32
		{F43CF415-9B7A-4C7E-B818-71D423A8134B}.Debug|x86.Build.0 = Debug|Win32
		{F43CF415-9B7A-4C7E-B818-71D423A8134B}.Release|x64.ActiveCfg = Release|x64
		{F43CF415-9B7A-4C7E-B818-71D423A8134B}.Release|x64.Build.0 = Release|x64
		{F43CF415-9B7A-4C7E-B818-71D423A8134B}.Release|x86.ActiveCfg = Release|Win32
		{F43CF415-9B7A-4C7E-B818-71D423A8134B}.Release|x86.Build.0 = Release|Win32
		{688EF433-DF94-4F41-8363-9ED79F7CEF87}.Debug|x64.ActiveCfg = Debug|x64
		{688EF433-DF94-4F41-8363-9ED79F7CEF87}.Debug|x64.Build.0 = Debug|x64
		{688EF433-DF94-4F41-8363-9ED79F7CEF87}.Debug|x86.ActiveCfg = Debug|Win32
		{688EF433-DF94-4F41-8363-9ED79F7CEF87}.Debug|x86.Build.0 = Debug|Win32
		{688EF433-DF94-4F41-8363-9ED79F7CEF87}.Release|x64.ActiveCfg = Release|x64
		{688EF433-DF94-4F41-8363-9ED79F7CEF87}.Release|x64.Build.0 = Release|x64
		{688EF433-DF94-4F41-8363-9ED79F7CEF87}.Release|x86.ActiveCfg = Release|Win32
		{688EF433-DF94-4F41-8363-9ED79F7CEF87}.Release|x86.Build.0 = Release|Win32
		{24CD3CD2-C695-459B-91A3-26AA56D87C22}.Debug|x64.ActiveCfg = Debug|x64
		{24CD3CD2-C695-459B-91A3-26AA56D87C22}.Debug|x64.Build.0 = Debug|x64
		{24CD3CD2-C695-459B-91A3-26AA56D87C22}.Debug|x86.ActiveCfg = Debug|Win32
		{24CD3CD2-C695-459B-91A3-26AA56D87C22}.Debug|x86.Build.0 = Debug|Win32
		{24CD3CD2-C695-459B-91A3-26AA56D87C22}.Release|x64.ActiveCfg = Release|x64
		{24CD3CD2-C695-459B-91A3-26AA56D87C22}.Release|x64.Build.0 = Release|x64
		{24CD3CD2-C695-459B-91A3-26AA56D87C22}.Release|x86.ActiveCfg = Release|Win32
		{24CD3CD2-C695-459B-91A3-26AA56D87C22}.Release|x86.Build.0 = Release|Win32
		{24CD3CD2-C695-459B-91A3-26AA56D87C22}.Release|x86.Deploy.0 = Release|Win32
		{4EC8B33B-F05A-4B84-B966-C05015891B1C}.Debug|x64.ActiveCfg = Debug|x64
		{4EC8B33B-F05A-4B84-B966-C05015891B1C}.Debug|x64.Build.0 = Debug|x64
		{4EC8B33B-F05A-4B84-B966-C05015891B1C}.Debug|x86.ActiveCfg = Debug|Win32
		{4EC8B33B-F05A-4B84-B966-C05015891B1C}.Debug|x86.Build.0 = Debug|Win32
		{4EC8B33B-F05A-4B84-B966-C05015891B1C}.Release|x64.ActiveCfg = Release|x64
		{4EC8B33B-F05A-4B84-B966-C05015891B1C}.Release|x64.Build.0 = Release|x64
		{4EC8B33B-F05A-4B84-B966-C05015891B1C}.Release|x86.ActiveCfg = Release|Win32
		{4EC8B33B-F05A-4B84-B966-C05015891B1C}.Release|x86.Build.0 = Release|Win32
		{0C0A5E63-7DD4-4B22-BD9F-AE7DA034F62D}.Debug|x64.ActiveCfg = Debug|x64
		{0C0A5E63-7DD4-4B22-BD9F-AE7DA034F62D}.Debug|x64.Build.0 = Debug|x64
		{0C0A5E63-7DD4-4B22-BD9F-AE7DA034F62D}.Debug|x86.ActiveCfg = Debug|Win32
		{0C0A5E63-7DD4-4B22-BD9F-AE7DA034F62D}.Debug|x86.Build.0 = Debug|Win32
		{0C0A5E63-7DD4-4B22-BD9F-AE7DA034F62D}.Release|x64.ActiveCfg = Release|x64
		{0C0A5E63-7DD4-4B22-BD9F-AE7DA034F62D}.Release|x64.Build.0 = Release|x64
		{0C0A5E63-7DD4-4B22-BD9F-AE7DA034F62D}.Release|x86.ActiveCfg = Release|Win32
		{0C0A5E63-7DD4-4B22-BD9F-AE7DA034F62D}.Release|x86.Build.0 = Release|Win32
		{76F21B16-6221-4E3F-A45E-BAB1777BFE8F}.Debug|x64.ActiveCfg = Debug|x64
		{76F21B16-6221-4E3F-A45E-BAB1777BFE8F}.Debug|x64.Build.0 = Debug|x64
		{76F21B16-6221-4E3F-A45E-BAB1777BFE8F}.Debug|x86.ActiveCfg = Debug|Win32
		{76F21B16-6221-4E3F-A45E-BAB1777BFE8F}.Debug|x86.Build.0 = Debug|Win32
		{76F21B16-6221-4E3F-A45E-BAB1777BFE8F}.Release|x64.ActiveCfg = Release|x64
		{76F21B16-6221-4E3F-A45E-BAB1777BFE8F}.Release|x64.Build.0 = Release|x64
		{76F21B16-6221-4E3F-A45E-BAB1777BFE8F}.Release|x86.ActiveCfg = Release|Win32
		{76F21B16-6221-4E3F-A45E-BAB1777BFE8F}.Release|x86.Build.0 = Release|Win32
	EndGlobalSection
	GlobalSection(SolutionProperties) = preSolution
		HideSolutionNode = FALSE
	EndGlobalSection
EndGlobal
